lockfileVersion: '9.0'

settings:
  autoInstallPeers: true
  excludeLinksFromLockfile: false

importers:

  .:
    dependencies:
      systeminformation:
        specifier: ^5.33.1
        version: 5.33.1
      ws:
        specifier: ^8.21.3
        version: 8.21.3

packages:

  systeminformation@5.33.1:
    resolution: {integrity: sha512-DEN6ICHk3Tk0Uf/hrAHh7xlt7iL5CJFBtPZinA0H62DrGG/KPKqq/Nzj6lCXPS4Ay/sf/14zNnk9LpqKzBIc+w==}
    engines: {node: '>=10.0.0'}
    os: [darwin, linux, win32, freebsd, openbsd, netbsd, sunos, android]
    hasBin: true

  ws@8.21.3:
    resolution: {integrity: sha512-201TZ/kPWxoPr/OKWjquZR1SWKXcvxdH+e1xrx89b3YbmzLMFCLfnaG1HFIgWzJOEWZ7MvpK++odZufgYR50Rw==}
    engines: {node: '>=10.0.0'}
    peerDependencies:
      bufferutil: ^4.0.1
      utf-8-validate: '>=5.0.2'
    peerDependenciesMeta:
      bufferutil:
        optional: true
      utf-8-validate:
        optional: true

snapshots:

  systeminformation@5.33.1: {}

  ws@8.21.3: {}
